
Microsoft Visual Studio Solution File, Format Version 12.00
# Visual Studio Version 17
VisualStudioVersion = 17.14.36212.18
MinimumVisualStudioVersion = 10.0.40219.1
Project("{FAE04EC0-301F-11D3-BF4B-00C04F79EFBC}") = "AD-User-Reset-Print", "AD-User-Reset-Print.csproj", "{CEFACAD9-1B72-4E28-BB2E-393157F9F70F}"
EndProject
Project("{FAE04EC0-301F-11D3-BF4B-00C04F79EFBC}") = "AD-User-Reset-Print.Tests", "..\AD-User-Reset-Print.Tests\AD-User-Reset-Print.Tests.csproj", "{1FDA5BAB-ED2B-417E-B37D-CF4A723521F7}"
EndProject
Global
	GlobalSection(SolutionConfigurationPlatforms) = preSolution
		Debug|Any CPU = Debug|Any CPU
		Release|Any CPU = Release|Any CPU
	EndGlobalSection
	GlobalSection(ProjectConfigurationPlatforms) = postSolution
		{CEFACAD9-1B72-4E28-BB2E-393157F9F70F}.Debug|Any CPU.ActiveCfg = Debug|Any CPU
		{CEFACAD9-1B72-4E28-BB2E-393157F9F70F}.Debug|Any CPU.Build.0 = Debug|Any CPU
		{CEFACAD9-1B72-4E28-BB2E-393157F9F70F}.Release|Any CPU.ActiveCfg = Release|Any CPU
		{CEFACAD9-1B72-4E28-BB2E-393157F9F70F}.Release|Any CPU.Build.0 = Release|Any CPU
		{1FDA5BAB-ED2B-417E-B37D-CF4A723521F7}.Debug|Any CPU.ActiveCfg = Debug|Any CPU
		{1FDA5BAB-ED2B-417E-B37D-CF4A723521F7}.Debug|Any CPU.Build.0 = Debug|Any CPU
		{1FDA5BAB-ED2B-417E-B37D-CF4A723521F7}.Release|Any CPU.ActiveCfg = Release|Any CPU
		{1FDA5BAB-ED2B-417E-B37D-CF4A723521F7}.Release|Any CPU.Build.0 = Release|Any CPU
	EndGlobalSection
	GlobalSection(SolutionProperties) = preSolution
		HideSolutionNode = FALSE
	EndGlobalSection
	GlobalSection(ExtensibilityGlobals) = postSolution
		SolutionGuid = {8EB075CD-C6AA-4946-8CD3-CE31BD4876FD}
	EndGlobalSection
EndGlobal
